{
  "version": 4,
  "terraform_version": "1.5.7",
  "serial": 83,
  "lineage": "f8045795-339b-f672-8d7a-d12150904cb3",
  "outputs": {},
  "resources": [
    {
      "mode": "data",
      "type": "google_client_config",
      "name": "this",
      "provider": "provider[\"registry.terraform.io/hashicorp/google\"]",
      "instances": [
        {
          "schema_version": 0,
          "attributes": {
            "access_token": "ya29.a0AfB_byB3R1g4CaW253C6y1zionzpnDyWjPJ86NfzdMlp5DAmxdU4ZyM3RidaADSU8tzDF6ziXj_4XQWpnn_o60YpneaGclHAhK5_1Xde7CL4oDeu5yN_pQXQHrDksk2MaHn806OrNRj_D6M7HJ9XKGvwSG3pinmu1UtyP6AaCgYKAfMSARISFQHGX2MiXuewosVChBmZXU3WVrBeFg0174",
            "id": "projects/\"PROJECT-408009\"/regions/\"us-east4\"/zones/\u003cnull\u003e",
            "project": "PROJECT-408009",
            "region": "us-east4",
            "zone": null
          },
          "sensitive_attributes": []
        }
      ]
    },
    {
      "mode": "data",
      "type": "google_project",
      "name": "this",
      "provider": "provider[\"registry.terraform.io/hashicorp/google\"]",
      "instances": [
        {
          "schema_version": 0,
          "attributes": {
            "auto_create_network": null,
            "billing_account": "017876-C35189-870678",
            "effective_labels": {},
            "folder_id": "",
            "id": "projects/PROJECT-408009",
            "labels": {},
            "name": "PROJECT",
            "number": "188431643889",
            "org_id": "186593810310",
            "project_id": "PROJECT-408009",
            "skip_delete": null,
            "terraform_labels": {}
          },
          "sensitive_attributes": []
        }
      ]
    },
    {
      "mode": "managed",
      "type": "google_compute_address",
      "name": "rabbitmq_internal",
      "provider": "provider[\"registry.terraform.io/hashicorp/google\"]",
      "instances": [
        {
          "schema_version": 0,
          "attributes": {
            "address": "10.0.0.20",
            "address_type": "INTERNAL",
            "creation_timestamp": "2023-12-13T02:04:38.075-08:00",
            "description": "",
            "effective_labels": {},
            "id": "projects/PROJECT-408009/regions/us-east4/addresses/rabbitmq-internal",
            "ip_version": "",
            "ipv6_endpoint_type": "",
            "label_fingerprint": "42WmSpB8rSM=",
            "labels": {},
            "name": "rabbitmq-internal",
            "network": "",
            "network_tier": "PREMIUM",
            "prefix_length": 0,
            "project": "PROJECT-408009",
            "purpose": "GCE_ENDPOINT",
            "region": "us-east4",
            "self_link": "https://www.googleapis.com/compute/v1/projects/PROJECT-408009/regions/us-east4/addresses/rabbitmq-internal",
            "subnetwork": "https://www.googleapis.com/compute/v1/projects/PROJECT-408009/regions/us-east4/subnetworks/PROJECT-408009",
            "terraform_labels": {},
            "timeouts": null,
            "users": [
              "https://www.googleapis.com/compute/v1/projects/PROJECT-408009/zones/us-east4-a/instances/rabbitmq-server"
            ]
          },
          "sensitive_attributes": [],
          "private": "eyJlMmJmYjczMC1lY2FhLTExZTYtOGY4OC0zNDM2M2JjN2M0YzAiOnsiY3JlYXRlIjoxMjAwMDAwMDAwMDAwLCJkZWxldGUiOjEyMDAwMDAwMDAwMDAsInVwZGF0ZSI6MTIwMDAwMDAwMDAwMH19",
          "dependencies": [
            "google_compute_network.solana_etl",
            "google_compute_subnetwork.solana_etl"
          ]
        }
      ]
    },
    {
      "mode": "managed",
      "type": "google_compute_address",
      "name": "rabbitmq_public",
      "provider": "provider[\"registry.terraform.io/hashicorp/google\"]",
      "instances": [
        {
          "schema_version": 0,
          "attributes": {
            "address": "35.212.21.90",
            "address_type": "EXTERNAL",
            "creation_timestamp": "2023-12-13T02:04:02.367-08:00",
            "description": "",
            "effective_labels": {},
            "id": "projects/PROJECT-408009/regions/us-east4/addresses/rabbitmq-public",
            "ip_version": "",
            "ipv6_endpoint_type": "",
            "label_fingerprint": "42WmSpB8rSM=",
            "labels": {},
            "name": "rabbitmq-public",
            "network": "",
            "network_tier": "STANDARD",
            "prefix_length": 0,
            "project": "PROJECT-408009",
            "purpose": "",
            "region": "us-east4",
            "self_link": "https://www.googleapis.com/compute/v1/projects/PROJECT-408009/regions/us-east4/addresses/rabbitmq-public",
            "subnetwork": "",
            "terraform_labels": {},
            "timeouts": null,
            "users": [
              "https://www.googleapis.com/compute/v1/projects/PROJECT-408009/zones/us-east4-a/instances/rabbitmq-server"
            ]
          },
          "sensitive_attributes": [],
          "private": "eyJlMmJmYjczMC1lY2FhLTExZTYtOGY4OC0zNDM2M2JjN2M0YzAiOnsiY3JlYXRlIjoxMjAwMDAwMDAwMDAwLCJkZWxldGUiOjEyMDAwMDAwMDAwMDAsInVwZGF0ZSI6MTIwMDAwMDAwMDAwMH19"
        }
      ]
    },
    {
      "mode": "managed",
      "type": "google_compute_address",
      "name": "solana_rpc_internal",
      "provider": "provider[\"registry.terraform.io/hashicorp/google\"]",
      "instances": [
        {
          "schema_version": 0,
          "attributes": {
            "address": "10.0.0.10",
            "address_type": "INTERNAL",
            "creation_timestamp": "2023-12-13T02:04:38.330-08:00",
            "description": "",
            "effective_labels": {},
            "id": "projects/PROJECT-408009/regions/us-east4/addresses/solana-rpc-internal",
            "ip_version": "",
            "ipv6_endpoint_type": "",
            "label_fingerprint": "42WmSpB8rSM=",
            "labels": {},
            "name": "solana-rpc-internal",
            "network": "",
            "network_tier": "PREMIUM",
            "prefix_length": 0,
            "project": "PROJECT-408009",
            "purpose": "GCE_ENDPOINT",
            "region": "us-east4",
            "self_link": "https://www.googleapis.com/compute/v1/projects/PROJECT-408009/regions/us-east4/addresses/solana-rpc-internal",
            "subnetwork": "https://www.googleapis.com/compute/v1/projects/PROJECT-408009/regions/us-east4/subnetworks/PROJECT-408009",
            "terraform_labels": {},
            "timeouts": null,
            "users": [
              "https://www.googleapis.com/compute/v1/projects/PROJECT-408009/zones/us-east4-a/instances/solana-rpc"
            ]
          },
          "sensitive_attributes": [],
          "private": "eyJlMmJmYjczMC1lY2FhLTExZTYtOGY4OC0zNDM2M2JjN2M0YzAiOnsiY3JlYXRlIjoxMjAwMDAwMDAwMDAwLCJkZWxldGUiOjEyMDAwMDAwMDAwMDAsInVwZGF0ZSI6MTIwMDAwMDAwMDAwMH19",
          "dependencies": [
            "google_compute_network.solana_etl",
            "google_compute_subnetwork.solana_etl"
          ]
        }
      ]
    },
    {
      "mode": "managed",
      "type": "google_compute_address",
      "name": "solana_rpc_public",
      "provider": "provider[\"registry.terraform.io/hashicorp/google\"]",
      "instances": [
        {
          "schema_version": 0,
          "attributes": {
            "address": "35.212.42.100",
            "address_type": "EXTERNAL",
            "creation_timestamp": "2023-12-13T02:04:02.241-08:00",
            "description": "",
            "effective_labels": {},
            "id": "projects/PROJECT-408009/regions/us-east4/addresses/solana-rpc-public",
            "ip_version": "",
            "ipv6_endpoint_type": "",
            "label_fingerprint": "42WmSpB8rSM=",
            "labels": {},
            "name": "solana-rpc-public",
            "network": "",
            "network_tier": "STANDARD",
            "prefix_length": 0,
            "project": "PROJECT-408009",
            "purpose": "",
            "region": "us-east4",
            "self_link": "https://www.googleapis.com/compute/v1/projects/PROJECT-408009/regions/us-east4/addresses/solana-rpc-public",
            "subnetwork": "",
            "terraform_labels": {},
            "timeouts": null,
            "users": [
              "https://www.googleapis.com/compute/v1/projects/PROJECT-408009/zones/us-east4-a/instances/solana-rpc"
            ]
          },
          "sensitive_attributes": [],
          "private": "eyJlMmJmYjczMC1lY2FhLTExZTYtOGY4OC0zNDM2M2JjN2M0YzAiOnsiY3JlYXRlIjoxMjAwMDAwMDAwMDAwLCJkZWxldGUiOjEyMDAwMDAwMDAwMDAsInVwZGF0ZSI6MTIwMDAwMDAwMDAwMH19"
        }
      ]
    },
    {
      "mode": "managed",
      "type": "google_compute_firewall",
      "name": "allow_ssh_iap",
      "provider": "provider[\"registry.terraform.io/hashicorp/google\"]",
      "instances": [
        {
          "schema_version": 1,
          "attributes": {
            "allow": [
              {
                "ports": [
                  "22"
                ],
                "protocol": "tcp"
              }
            ],
            "creation_timestamp": "2023-12-13T02:04:25.021-08:00",
            "deny": [],
            "description": "",
            "destination_ranges": [],
            "direction": "INGRESS",
            "disabled": false,
            "enable_logging": null,
            "id": "projects/PROJECT-408009/global/firewalls/allow-ssh-iap",
            "log_config": [],
            "name": "allow-ssh-iap",
            "network": "https://www.googleapis.com/compute/v1/projects/PROJECT-408009/global/networks/PROJECT-408009-vpc",
            "priority": 1000,
            "project": "PROJECT-408009",
            "self_link": "https://www.googleapis.com/compute/v1/projects/PROJECT-408009/global/firewalls/allow-ssh-iap",
            "source_ranges": [
              "35.235.240.0/20"
            ],
            "source_service_accounts": [],
            "source_tags": [],
            "target_service_accounts": [],
            "target_tags": [],
            "timeouts": null
          },
          "sensitive_attributes": [],
          "private": "eyJlMmJmYjczMC1lY2FhLTExZTYtOGY4OC0zNDM2M2JjN2M0YzAiOnsiY3JlYXRlIjoxMjAwMDAwMDAwMDAwLCJkZWxldGUiOjEyMDAwMDAwMDAwMDAsInVwZGF0ZSI6MTIwMDAwMDAwMDAwMH0sInNjaGVtYV92ZXJzaW9uIjoiMSJ9",
          "dependencies": [
            "google_compute_network.solana_etl"
          ]
        }
      ]
    },
    {
      "mode": "managed",
      "type": "google_compute_firewall",
      "name": "solana-rpc",
      "provider": "provider[\"registry.terraform.io/hashicorp/google\"]",
      "instances": [
        {
          "schema_version": 1,
          "attributes": {
            "allow": [
              {
                "ports": [
                  "8000-10000"
                ],
                "protocol": "tcp"
              },
              {
                "ports": [
                  "8000-10000"
                ],
                "protocol": "udp"
              }
            ],
            "creation_timestamp": "2023-12-13T02:04:24.926-08:00",
            "deny": [],
            "description": "",
            "destination_ranges": [],
            "direction": "INGRESS",
            "disabled": false,
            "enable_logging": null,
            "id": "projects/PROJECT-408009/global/firewalls/solana-rpc",
            "log_config": [],
            "name": "solana-rpc",
            "network": "https://www.googleapis.com/compute/v1/projects/PROJECT-408009/global/networks/PROJECT-408009-vpc",
            "priority": 1000,
            "project": "PROJECT-408009",
            "self_link": "https://www.googleapis.com/compute/v1/projects/PROJECT-408009/global/firewalls/solana-rpc",
            "source_ranges": [
              "0.0.0.0/0"
            ],
            "source_service_accounts": [],
            "source_tags": [],
            "target_service_accounts": [],
            "target_tags": [
              "solana"
            ],
            "timeouts": null
          },
          "sensitive_attributes": [],
          "private": "eyJlMmJmYjczMC1lY2FhLTExZTYtOGY4OC0zNDM2M2JjN2M0YzAiOnsiY3JlYXRlIjoxMjAwMDAwMDAwMDAwLCJkZWxldGUiOjEyMDAwMDAwMDAwMDAsInVwZGF0ZSI6MTIwMDAwMDAwMDAwMH0sInNjaGVtYV92ZXJzaW9uIjoiMSJ9",
          "dependencies": [
            "google_compute_network.solana_etl"
          ]
        }
      ]
    },
    {
      "mode": "managed",
      "type": "google_compute_instance",
      "name": "rabbitmq",
      "provider": "provider[\"registry.terraform.io/hashicorp/google\"]",
      "instances": [
        {
          "schema_version": 6,
          "attributes": {
            "advanced_machine_features": [],
            "allow_stopping_for_update": null,
            "attached_disk": [],
            "boot_disk": [
              {
                "auto_delete": false,
                "device_name": "persistent-disk-0",
                "disk_encryption_key_raw": "",
                "disk_encryption_key_sha256": "",
                "initialize_params": [
                  {
                    "image": "https://www.googleapis.com/compute/v1/projects/ubuntu-os-cloud/global/images/ubuntu-minimal-2204-jammy-v20230715",
                    "labels": {},
                    "resource_manager_tags": {},
                    "size": 1200,
                    "type": "pd-balanced"
                  }
                ],
                "kms_key_self_link": "",
                "mode": "READ_WRITE",
                "source": "https://www.googleapis.com/compute/v1/projects/PROJECT-408009/zones/us-east4-a/disks/rabbitmq-server"
              }
            ],
            "can_ip_forward": false,
            "confidential_instance_config": [],
            "cpu_platform": "Intel Ice Lake",
            "current_status": "RUNNING",
            "deletion_protection": false,
            "description": "",
            "desired_status": null,
            "effective_labels": {},
            "enable_display": false,
            "guest_accelerator": [],
            "hostname": "",
            "id": "projects/PROJECT-408009/zones/us-east4-a/instances/rabbitmq-server",
            "instance_id": "5213235666427853588",
            "label_fingerprint": "42WmSpB8rSM=",
            "labels": {},
            "machine_type": "n2-standard-8",
            "metadata": {},
            "metadata_fingerprint": "-PUCDzbBBL0=",
            "metadata_startup_script": null,
            "min_cpu_platform": "Intel Ice Lake",
            "name": "rabbitmq-server",
            "network_interface": [
              {
                "access_config": [
                  {
                    "nat_ip": "35.212.21.90",
                    "network_tier": "STANDARD",
                    "public_ptr_domain_name": ""
                  }
                ],
                "alias_ip_range": [],
                "internal_ipv6_prefix_length": 0,
                "ipv6_access_config": [],
                "ipv6_access_type": "",
                "ipv6_address": "",
                "name": "nic0",
                "network": "https://www.googleapis.com/compute/v1/projects/PROJECT-408009/global/networks/PROJECT-408009-vpc",
                "network_ip": "10.0.0.20",
                "nic_type": "",
                "queue_count": 0,
                "stack_type": "IPV4_ONLY",
                "subnetwork": "https://www.googleapis.com/compute/v1/projects/PROJECT-408009/regions/us-east4/subnetworks/PROJECT-408009",
                "subnetwork_project": "PROJECT-408009"
              }
            ],
            "network_performance_config": [],
            "params": [],
            "project": "PROJECT-408009",
            "reservation_affinity": [],
            "resource_policies": [],
            "scheduling": [
              {
                "automatic_restart": true,
                "instance_termination_action": "",
                "local_ssd_recovery_timeout": [],
                "min_node_cpus": 0,
                "node_affinities": [],
                "on_host_maintenance": "MIGRATE",
                "preemptible": false,
                "provisioning_model": "STANDARD"
              }
            ],
            "scratch_disk": [],
            "self_link": "https://www.googleapis.com/compute/v1/projects/PROJECT-408009/zones/us-east4-a/instances/rabbitmq-server",
            "service_account": [
              {
                "email": "compute-service-account@PROJECT-408009.iam.gserviceaccount.com",
                "scopes": [
                  "https://www.googleapis.com/auth/devstorage.read_only",
                  "https://www.googleapis.com/auth/logging.write",
                  "https://www.googleapis.com/auth/monitoring.write",
                  "https://www.googleapis.com/auth/service.management.readonly",
                  "https://www.googleapis.com/auth/servicecontrol",
                  "https://www.googleapis.com/auth/trace.append"
                ]
              }
            ],
            "shielded_instance_config": [
              {
                "enable_integrity_monitoring": true,
                "enable_secure_boot": false,
                "enable_vtpm": true
              }
            ],
            "tags": [],
            "tags_fingerprint": "42WmSpB8rSM=",
            "terraform_labels": {},
            "timeouts": null,
            "zone": "us-east4-a"
          },
          "sensitive_attributes": [],
          "private": "eyJlMmJmYjczMC1lY2FhLTExZTYtOGY4OC0zNDM2M2JjN2M0YzAiOnsiY3JlYXRlIjoxMjAwMDAwMDAwMDAwLCJkZWxldGUiOjEyMDAwMDAwMDAwMDAsInVwZGF0ZSI6MTIwMDAwMDAwMDAwMH0sInNjaGVtYV92ZXJzaW9uIjoiNiJ9",
          "dependencies": [
            "google_compute_address.rabbitmq_internal",
            "google_compute_address.rabbitmq_public",
            "google_compute_network.solana_etl",
            "google_compute_subnetwork.solana_etl",
            "google_service_account.solana_etl"
          ]
        }
      ]
    },
    {
      "mode": "managed",
      "type": "google_compute_instance",
      "name": "solana_rpc",
      "provider": "provider[\"registry.terraform.io/hashicorp/google\"]",
      "instances": [
        {
          "schema_version": 6,
          "attributes": {
            "advanced_machine_features": [],
            "allow_stopping_for_update": null,
            "attached_disk": [],
            "boot_disk": [
              {
                "auto_delete": false,
                "device_name": "persistent-disk-0",
                "disk_encryption_key_raw": "",
                "disk_encryption_key_sha256": "",
                "initialize_params": [
                  {
                    "image": "https://www.googleapis.com/compute/v1/projects/debian-cloud/global/images/debian-11-bullseye-v20231010",
                    "labels": {},
                    "resource_manager_tags": {},
                    "size": 500,
                    "type": "pd-ssd"
                  }
                ],
                "kms_key_self_link": "",
                "mode": "READ_WRITE",
                "source": "https://www.googleapis.com/compute/v1/projects/PROJECT-408009/zones/us-east4-a/disks/solana-rpc"
              }
            ],
            "can_ip_forward": false,
            "confidential_instance_config": [],
            "cpu_platform": "Intel Ice Lake",
            "current_status": "RUNNING",
            "deletion_protection": false,
            "description": "",
            "desired_status": null,
            "effective_labels": {},
            "enable_display": false,
            "guest_accelerator": [],
            "hostname": "",
            "id": "projects/PROJECT-408009/zones/us-east4-a/instances/solana-rpc",
            "instance_id": "3645019703657906007",
            "label_fingerprint": "42WmSpB8rSM=",
            "labels": {},
            "machine_type": "n2-highmem-64",
            "metadata": {},
            "metadata_fingerprint": "-PUCDzbBBL0=",
            "metadata_startup_script": null,
            "min_cpu_platform": "Intel Ice Lake",
            "name": "solana-rpc",
            "network_interface": [
              {
                "access_config": [
                  {
                    "nat_ip": "35.212.42.100",
                    "network_tier": "STANDARD",
                    "public_ptr_domain_name": ""
                  }
                ],
                "alias_ip_range": [],
                "internal_ipv6_prefix_length": 0,
                "ipv6_access_config": [],
                "ipv6_access_type": "",
                "ipv6_address": "",
                "name": "nic0",
                "network": "https://www.googleapis.com/compute/v1/projects/PROJECT-408009/global/networks/PROJECT-408009-vpc",
                "network_ip": "10.0.0.10",
                "nic_type": "",
                "queue_count": 0,
                "stack_type": "IPV4_ONLY",
                "subnetwork": "https://www.googleapis.com/compute/v1/projects/PROJECT-408009/regions/us-east4/subnetworks/PROJECT-408009",
                "subnetwork_project": "PROJECT-408009"
              }
            ],
            "network_performance_config": [],
            "params": [],
            "project": "PROJECT-408009",
            "reservation_affinity": [],
            "resource_policies": [],
            "scheduling": [
              {
                "automatic_restart": true,
                "instance_termination_action": "",
                "local_ssd_recovery_timeout": [],
                "min_node_cpus": 0,
                "node_affinities": [],
                "on_host_maintenance": "MIGRATE",
                "preemptible": false,
                "provisioning_model": "STANDARD"
              }
            ],
            "scratch_disk": [
              {
                "device_name": "local-ssd-0",
                "interface": "NVME",
                "size": 375
              },
              {
                "device_name": "local-ssd-1",
                "interface": "NVME",
                "size": 375
              },
              {
                "device_name": "local-ssd-2",
                "interface": "NVME",
                "size": 375
              },
              {
                "device_name": "local-ssd-3",
                "interface": "NVME",
                "size": 375
              },
              {
                "device_name": "local-ssd-4",
                "interface": "NVME",
                "size": 375
              },
              {
                "device_name": "local-ssd-5",
                "interface": "NVME",
                "size": 375
              },
              {
                "device_name": "local-ssd-6",
                "interface": "NVME",
                "size": 375
              },
              {
                "device_name": "local-ssd-7",
                "interface": "NVME",
                "size": 375
              },
              {
                "device_name": "local-ssd-8",
                "interface": "NVME",
                "size": 375
              },
              {
                "device_name": "local-ssd-9",
                "interface": "NVME",
                "size": 375
              },
              {
                "device_name": "local-ssd-10",
                "interface": "NVME",
                "size": 375
              },
              {
                "device_name": "local-ssd-11",
                "interface": "NVME",
                "size": 375
              },
              {
                "device_name": "local-ssd-12",
                "interface": "NVME",
                "size": 375
              },
              {
                "device_name": "local-ssd-13",
                "interface": "NVME",
                "size": 375
              },
              {
                "device_name": "local-ssd-14",
                "interface": "NVME",
                "size": 375
              },
              {
                "device_name": "local-ssd-15",
                "interface": "NVME",
                "size": 375
              }
            ],
            "self_link": "https://www.googleapis.com/compute/v1/projects/PROJECT-408009/zones/us-east4-a/instances/solana-rpc",
            "service_account": [
              {
                "email": "compute-service-account@PROJECT-408009.iam.gserviceaccount.com",
                "scopes": [
                  "https://www.googleapis.com/auth/devstorage.read_only",
                  "https://www.googleapis.com/auth/logging.write",
                  "https://www.googleapis.com/auth/monitoring.write",
                  "https://www.googleapis.com/auth/service.management.readonly",
                  "https://www.googleapis.com/auth/servicecontrol",
                  "https://www.googleapis.com/auth/trace.append"
                ]
              }
            ],
            "shielded_instance_config": [
              {
                "enable_integrity_monitoring": true,
                "enable_secure_boot": false,
                "enable_vtpm": true
              }
            ],
            "tags": [
              "solana"
            ],
            "tags_fingerprint": "y08fa8ZiHQ8=",
            "terraform_labels": {},
            "timeouts": null,
            "zone": "us-east4-a"
          },
          "sensitive_attributes": [],
          "private": "eyJlMmJmYjczMC1lY2FhLTExZTYtOGY4OC0zNDM2M2JjN2M0YzAiOnsiY3JlYXRlIjoxMjAwMDAwMDAwMDAwLCJkZWxldGUiOjEyMDAwMDAwMDAwMDAsInVwZGF0ZSI6MTIwMDAwMDAwMDAwMH0sInNjaGVtYV92ZXJzaW9uIjoiNiJ9",
          "dependencies": [
            "google_compute_address.solana_rpc_internal",
            "google_compute_address.solana_rpc_public",
            "google_compute_network.solana_etl",
            "google_compute_subnetwork.solana_etl",
            "google_service_account.solana_etl"
          ]
        }
      ]
    },
    {
      "mode": "managed",
      "type": "google_compute_network",
      "name": "solana_etl",
      "provider": "provider[\"registry.terraform.io/hashicorp/google\"]",
      "instances": [
        {
          "schema_version": 0,
          "attributes": {
            "auto_create_subnetworks": false,
            "delete_default_routes_on_create": false,
            "description": "",
            "enable_ula_internal_ipv6": false,
            "gateway_ipv4": "",
            "id": "projects/PROJECT-408009/global/networks/PROJECT-408009-vpc",
            "internal_ipv6_range": "",
            "mtu": 1460,
            "name": "PROJECT-408009-vpc",
            "network_firewall_policy_enforcement_order": "AFTER_CLASSIC_FIREWALL",
            "project": "PROJECT-408009",
            "routing_mode": "REGIONAL",
            "self_link": "https://www.googleapis.com/compute/v1/projects/PROJECT-408009/global/networks/PROJECT-408009-vpc",
            "timeouts": null
          },
          "sensitive_attributes": [],
          "private": "eyJlMmJmYjczMC1lY2FhLTExZTYtOGY4OC0zNDM2M2JjN2M0YzAiOnsiY3JlYXRlIjoxMjAwMDAwMDAwMDAwLCJkZWxldGUiOjEyMDAwMDAwMDAwMDAsInVwZGF0ZSI6MTIwMDAwMDAwMDAwMH19"
        }
      ]
    },
    {
      "mode": "managed",
      "type": "google_compute_subnetwork",
      "name": "solana_etl",
      "provider": "provider[\"registry.terraform.io/hashicorp/google\"]",
      "instances": [
        {
          "schema_version": 0,
          "attributes": {
            "creation_timestamp": "2023-12-13T02:04:25.555-08:00",
            "description": "",
            "external_ipv6_prefix": "",
            "fingerprint": null,
            "gateway_address": "10.0.0.1",
            "id": "projects/PROJECT-408009/regions/us-east4/subnetworks/PROJECT-408009",
            "internal_ipv6_prefix": "",
            "ip_cidr_range": "10.0.0.0/24",
            "ipv6_access_type": "",
            "ipv6_cidr_range": "",
            "log_config": [],
            "name": "PROJECT-408009",
            "network": "https://www.googleapis.com/compute/v1/projects/PROJECT-408009/global/networks/PROJECT-408009-vpc",
            "private_ip_google_access": true,
            "private_ipv6_google_access": "DISABLE_GOOGLE_ACCESS",
            "project": "PROJECT-408009",
            "purpose": "PRIVATE",
            "region": "us-east4",
            "role": "",
            "secondary_ip_range": [],
            "self_link": "https://www.googleapis.com/compute/v1/projects/PROJECT-408009/regions/us-east4/subnetworks/PROJECT-408009",
            "stack_type": "IPV4_ONLY",
            "timeouts": null
          },
          "sensitive_attributes": [],
          "private": "eyJlMmJmYjczMC1lY2FhLTExZTYtOGY4OC0zNDM2M2JjN2M0YzAiOnsiY3JlYXRlIjoxMjAwMDAwMDAwMDAwLCJkZWxldGUiOjEyMDAwMDAwMDAwMDAsInVwZGF0ZSI6MTIwMDAwMDAwMDAwMH19",
          "dependencies": [
            "google_compute_network.solana_etl"
          ]
        }
      ]
    },
    {
      "mode": "managed",
      "type": "google_project_iam_member",
      "name": "service_account_roles",
      "provider": "provider[\"registry.terraform.io/hashicorp/google\"]",
      "instances": [
        {
          "index_key": "roles/logging.logWriter",
          "schema_version": 0,
          "attributes": {
            "condition": [],
            "etag": "BwYMYWzjhY4=",
            "id": "PROJECT-408009/roles/logging.logWriter/serviceAccount:compute-service-account@PROJECT-408009.iam.gserviceaccount.com",
            "member": "serviceAccount:compute-service-account@PROJECT-408009.iam.gserviceaccount.com",
            "project": "PROJECT-408009",
            "role": "roles/logging.logWriter"
          },
          "sensitive_attributes": [],
          "private": "bnVsbA==",
          "dependencies": [
            "google_service_account.solana_etl"
          ]
        },
        {
          "index_key": "roles/monitoring.metricWriter",
          "schema_version": 0,
          "attributes": {
            "condition": [],
            "etag": "BwYMYWzjhY4=",
            "id": "PROJECT-408009/roles/monitoring.metricWriter/serviceAccount:compute-service-account@PROJECT-408009.iam.gserviceaccount.com",
            "member": "serviceAccount:compute-service-account@PROJECT-408009.iam.gserviceaccount.com",
            "project": "PROJECT-408009",
            "role": "roles/monitoring.metricWriter"
          },
          "sensitive_attributes": [],
          "private": "bnVsbA==",
          "dependencies": [
            "google_service_account.solana_etl"
          ]
        },
        {
          "index_key": "roles/storage.objectViewer",
          "schema_version": 0,
          "attributes": {
            "condition": [],
            "etag": "BwYMYWzjhY4=",
            "id": "PROJECT-408009/roles/storage.objectViewer/serviceAccount:compute-service-account@PROJECT-408009.iam.gserviceaccount.com",
            "member": "serviceAccount:compute-service-account@PROJECT-408009.iam.gserviceaccount.com",
            "project": "PROJECT-408009",
            "role": "roles/storage.objectViewer"
          },
          "sensitive_attributes": [],
          "private": "bnVsbA==",
          "dependencies": [
            "google_service_account.solana_etl"
          ]
        }
      ]
    },
    {
      "mode": "managed",
      "type": "google_service_account",
      "name": "solana_etl",
      "provider": "provider[\"registry.terraform.io/hashicorp/google\"]",
      "instances": [
        {
          "schema_version": 0,
          "attributes": {
            "account_id": "compute-service-account",
            "description": "",
            "disabled": false,
            "display_name": "Compute Service Account",
            "email": "compute-service-account@PROJECT-408009.iam.gserviceaccount.com",
            "id": "projects/PROJECT-408009/serviceAccounts/compute-service-account@PROJECT-408009.iam.gserviceaccount.com",
            "member": "serviceAccount:compute-service-account@PROJECT-408009.iam.gserviceaccount.com",
            "name": "projects/PROJECT-408009/serviceAccounts/compute-service-account@PROJECT-408009.iam.gserviceaccount.com",
            "project": "PROJECT-408009",
            "timeouts": null,
            "unique_id": "114338025937302118981"
          },
          "sensitive_attributes": [],
          "private": "eyJlMmJmYjczMC1lY2FhLTExZTYtOGY4OC0zNDM2M2JjN2M0YzAiOnsiY3JlYXRlIjozMDAwMDAwMDAwMDB9fQ=="
        }
      ]
    }
  ],
  "check_results": null
}
